
Microsoft Visual Studio Solution File, Format Version 12.00
# Visual Studio 15
VisualStudioVersion = 15.0.28307.168
MinimumVisualStudioVersion = 10.0.40219.1
Project("{FAE04EC0-301F-11D3-BF4B-00C04F79EFBC}") = "AccountEditor", "AccountEditor.csproj", "{CDCEE0B3-1050-4DA0-AA59-7C859CC3FE4E}"
EndProject
Global
	GlobalSection(SolutionConfigurationPlatforms) = preSolution
		Debug|Any CPU = Debug|Any CPU
		Release|Any CPU = Release|Any CPU
	EndGlobalSection
	GlobalSection(ProjectConfigurationPlatforms) = postSolution
		{CDCEE0B3-1050-4DA0-AA59-7C859CC3FE4E}.Debug|Any CPU.ActiveCfg = Debug|Any CPU
		{CDCEE0B3-1050-4DA0-AA59-7C859CC3FE4E}.Debug|Any CPU.Build.0 = Debug|Any CPU
		{CDCEE0B3-1050-4DA0-AA59-7C859CC3FE4E}.Release|Any CPU.ActiveCfg = Release|Any CPU
		{CDCEE0B3-1050-4DA0-AA59-7C859CC3FE4E}.Release|Any CPU.Build.0 = Release|Any CPU
	EndGlobalSection
	GlobalSection(SolutionProperties) = preSolution
		HideSolutionNode = FALSE
	EndGlobalSection
	GlobalSection(ExtensibilityGlobals) = postSolution
		SolutionGuid = {F3C754E8-06E2-4135-B853-9F6892C286C1}
	EndGlobalSection
EndGlobal
